
Microsoft Visual Studio Solution File, Format Version 12.00
# Visual Studio Version 17
VisualStudioVersion = 17.0.31903.59
MinimumVisualStudioVersion = 10.0.40219.1
Project("{2150E333-8FDC-42A3-9474-1A3956D46DE8}") = "src", "src", "{827E0CD3-B72D-47B6-A68D-7590B98EB39B}"
EndProject
Project("{FAE04EC0-301F-11D3-BF4B-00C04F79EFBC}") = "Dse.Io.Abstractions", "src\Dse.Io.Abstractions\Dse.Io.Abstractions.csproj", "{1EE79402-0A12-4C5A-9319-4E0AE57F7243}"
EndProject
Project("{FAE04EC0-301F-11D3-BF4B-00C04F79EFBC}") = "Dse.Core", "src\Dse.Core\Dse.Core.csproj", "{E9EAF0D8-E79E-416F-98B8-A957D081FE46}"
EndProject
Project("{2150E333-8FDC-42A3-9474-1A3956D46DE8}") = "tests", "tests", "{0AB3BF05-4346-4AA6-1389-037BE0695223}"
EndProject
Project("{FAE04EC0-301F-11D3-BF4B-00C04F79EFBC}") = "Dse.Core.Tests", "tests\Dse.Core.Tests\Dse.Core.Tests.csproj", "{26F7D23A-67DA-4D24-A3B6-CD08221BE803}"
EndProject
Project("{FAE04EC0-301F-11D3-BF4B-00C04F79EFBC}") = "Dse.Components", "src\Dse.Components\Dse.Components.csproj", "{023BF18B-43FC-47A4-9DE8-4A207A6BB398}"
EndProject
Project("{FAE04EC0-301F-11D3-BF4B-00C04F79EFBC}") = "Dse.Components.Tests", "tests\Dse.Components.Tests\Dse.Components.Tests.csproj", "{5A73A608-572B-4E1F-9695-6E0E9F67DE0F}"
EndProject
Project("{FAE04EC0-301F-11D3-BF4B-00C04F79EFBC}") = "Dse.Io.Abstractions.Tests", "tests\Dse.Io.Abstractions.Tests\Dse.Io.Abstractions.Tests.csproj", "{10C91360-E31E-4C14-BB45-1793EF18088D}"
EndProject
Project("{FAE04EC0-301F-11D3-BF4B-00C04F79EFBC}") = "Dse.Realtime", "src\Dse.Realtime\Dse.Realtime.csproj", "{B63D19BE-13FA-491E-A23E-6C807453DF55}"
EndProject
Project("{FAE04EC0-301F-11D3-BF4B-00C04F79EFBC}") = "Dse.Realtime.Tests", "tests\Dse.Realtime.Tests\Dse.Realtime.Tests.csproj", "{649D2E6C-662B-4BDA-A1BC-5898D955E141}"
EndProject
Project("{FAE04EC0-301F-11D3-BF4B-00C04F79EFBC}") = "Dse.Configuration", "src\Dse.Configuration\Dse.Configuration.csproj", "{CF2FE3B7-9D5F-466E-B39A-024057D921E5}"
EndProject
Project("{FAE04EC0-301F-11D3-BF4B-00C04F79EFBC}") = "Dse.Configuration.Tests", "tests\Dse.Configuration.Tests\Dse.Configuration.Tests.csproj", "{F965F73E-FCD0-4751-8F10-EB52A20E9CCB}"
EndProject
Project("{FAE04EC0-301F-11D3-BF4B-00C04F79EFBC}") = "Dse.Cli", "src\Dse.Cli\Dse.Cli.csproj", "{B35E1D92-86CA-4465-9A22-8CABB412D834}"
EndProject
Project("{FAE04EC0-301F-11D3-BF4B-00C04F79EFBC}") = "Dse.Cli.Tests", "tests\Dse.Cli.Tests\Dse.Cli.Tests.csproj", "{9F3DE19F-C85B-48F6-BBF0-0122E77A43E7}"
EndProject
Project("{FAE04EC0-301F-11D3-BF4B-00C04F79EFBC}") = "Dse.Cli.Tests.SampleModule", "tests\Dse.Cli.Tests.SampleModule\Dse.Cli.Tests.SampleModule.csproj", "{C1A29F2A-7E34-4A4A-914D-9C48311CBD71}"
EndProject
Project("{FAE04EC0-301F-11D3-BF4B-00C04F79EFBC}") = "Dse.Cli.Tests.ClashModule", "tests\Dse.Cli.Tests.ClashModule\Dse.Cli.Tests.ClashModule.csproj", "{9C2E59E9-0530-42AE-B2A5-39BFAAA5C676}"
EndProject
Project("{FAE04EC0-301F-11D3-BF4B-00C04F79EFBC}") = "Dse.Scenarios", "src\Dse.Scenarios\Dse.Scenarios.csproj", "{0903AE3D-9EF6-4121-B234-06B3B37950F4}"
EndProject
Project("{FAE04EC0-301F-11D3-BF4B-00C04F79EFBC}") = "Dse.Scenarios.Tests", "tests\Dse.Scenarios.Tests\Dse.Scenarios.Tests.csproj", "{5FC79A4F-BFF1-4AB7-B9B8-8B64480004EA}"
EndProject
Global
	GlobalSection(SolutionConfigurationPlatforms) = preSolution
		Debug|Any CPU = Debug|Any CPU
		Debug|x64 = Debug|x64
		Debug|x86 = Debug|x86
		Release|Any CPU = Release|Any CPU
		Release|x64 = Release|x64
		Release|x86 = Release|x86
	EndGlobalSection
	GlobalSection(ProjectConfigurationPlatforms) = postSolution
		{1EE79402-0A12-4C5A-9319-4E0AE57F7243}.Debug|Any CPU.ActiveCfg = Debug|Any CPU
		{1EE79402-0A12-4C5A-9319-4E0AE57F7243}.Debug|Any CPU.Build.0 = Debug|Any CPU
		{1EE79402-0A12-4C5A-9319-4E0AE57F7243}.Debug|x64.ActiveCfg = Debug|Any CPU
		{1EE79402-0A12-4C5A-9319-4E0AE57F7243}.Debug|x64.Build.0 = Debug|Any CPU
		{1EE79402-0A12-4C5A-9319-4E0AE57F7243}.Debug|x86.ActiveCfg = Debug|Any CPU
		{1EE79402-0A12-4C5A-9319-4E0AE57F7243}.Debug|x86.Build.0 = Debug|Any CPU
		{1EE79402-0A12-4C5A-9319-4E0AE57F7243}.Release|Any CPU.ActiveCfg = Release|Any CPU
		{1EE79402-0A12-4C5A-9319-4E0AE57F7243}.Release|Any CPU.Build.0 = Release|Any CPU
		{1EE79402-0A12-4C5A-9319-4E0AE57F7243}.Release|x64.ActiveCfg = Release|Any CPU
		{1EE79402-0A12-4C5A-9319-4E0AE57F7243}.Release|x64.Build.0 = Release|Any CPU
		{1EE79402-0A12-4C5A-9319-4E0AE57F7243}.Release|x86.ActiveCfg = Release|Any CPU
		{1EE79402-0A12-4C5A-9319-4E0AE57F7243}.Release|x86.Build.0 = Release|Any CPU
		{E9EAF0D8-E79E-416F-98B8-A957D081FE46}.Debug|Any CPU.ActiveCfg = Debug|Any CPU
		{E9EAF0D8-E79E-416F-98B8-A957D081FE46}.Debug|Any CPU.Build.0 = Debug|Any CPU
		{E9EAF0D8-E79E-416F-98B8-A957D081FE46}.Debug|x64.ActiveCfg = Debug|Any CPU
		{E9EAF0D8-E79E-416F-98B8-A957D081FE46}.Debug|x64.Build.0 = Debug|Any CPU
		{E9EAF0D8-E79E-416F-98B8-A957D081FE46}.Debug|x86.ActiveCfg = Debug|Any CPU
		{E9EAF0D8-E79E-416F-98B8-A957D081FE46}.Debug|x86.Build.0 = Debug|Any CPU
		{E9EAF0D8-E79E-416F-98B8-A957D081FE46}.Release|Any CPU.ActiveCfg = Release|Any CPU
		{E9EAF0D8-E79E-416F-98B8-A957D081FE46}.Release|Any CPU.Build.0 = Release|Any CPU
		{E9EAF0D8-E79E-416F-98B8-A957D081FE46}.Release|x64.ActiveCfg = Release|Any CPU
		{E9EAF0D8-E79E-416F-98B8-A957D081FE46}.Release|x64.Build.0 = Release|Any CPU
		{E9EAF0D8-E79E-416F-98B8-A957D081FE46}.Release|x86.ActiveCfg = Release|Any CPU
		{E9EAF0D8-E79E-416F-98B8-A957D081FE46}.Release|x86.Build.0 = Release|Any CPU
		{26F7D23A-67DA-4D24-A3B6-CD08221BE803}.Debug|Any CPU.ActiveCfg = Debug|Any CPU
		{26F7D23A-67DA-4D24-A3B6-CD08221BE803}.Debug|Any CPU.Build.0 = Debug|Any CPU
		{26F7D23A-67DA-4D24-A3B6-CD08221BE803}.Debug|x64.ActiveCfg = Debug|Any CPU
		{26F7D23A-67DA-4D24-A3B6-CD08221BE803}.Debug|x64.Build.0 = Debug|Any CPU
		{26F7D23A-67DA-4D24-A3B6-CD08221BE803}.Debug|x86.ActiveCfg = Debug|Any CPU
		{26F7D23A-67DA-4D24-A3B6-CD08221BE803}.Debug|x86.Build.0 = Debug|Any CPU
		{26F7D23A-67DA-4D24-A3B6-CD08221BE803}.Release|Any CPU.ActiveCfg = Release|Any CPU
		{26F7D23A-67DA-4D24-A3B6-CD08221BE803}.Release|Any CPU.Build.0 = Release|Any CPU
		{26F7D23A-67DA-4D24-A3B6-CD08221BE803}.Release|x64.ActiveCfg = Release|Any CPU
		{26F7D23A-67DA-4D24-A3B6-CD08221BE803}.Release|x64.Build.0 = Release|Any CPU
		{26F7D23A-67DA-4D24-A3B6-CD08221BE803}.Release|x86.ActiveCfg = Release|Any CPU
		{26F7D23A-67DA-4D24-A3B6-CD08221BE803}.Release|x86.Build.0 = Release|Any CPU
		{023BF18B-43FC-47A4-9DE8-4A207A6BB398}.Debug|Any CPU.ActiveCfg = Debug|Any CPU
		{023BF18B-43FC-47A4-9DE8-4A207A6BB398}.Debug|Any CPU.Build.0 = Debug|Any CPU
		{023BF18B-43FC-47A4-9DE8-4A207A6BB398}.Debug|x64.ActiveCfg = Debug|Any CPU
		{023BF18B-43FC-47A4-9DE8-4A207A6BB398}.Debug|x64.Build.0 = Debug|Any CPU
		{023BF18B-43FC-47A4-9DE8-4A207A6BB398}.Debug|x86.ActiveCfg = Debug|Any CPU
		{023BF18B-43FC-47A4-9DE8-4A207A6BB398}.Debug|x86.Build.0 = Debug|Any CPU
		{023BF18B-43FC-47A4-9DE8-4A207A6BB398}.Release|Any CPU.ActiveCfg = Release|Any CPU
		{023BF18B-43FC-47A4-9DE8-4A207A6BB398}.Release|Any CPU.Build.0 = Release|Any CPU
		{023BF18B-43FC-47A4-9DE8-4A207A6BB398}.Release|x64.ActiveCfg = Release|Any CPU
		{023BF18B-43FC-47A4-9DE8-4A207A6BB398}.Release|x64.Build.0 = Release|Any CPU
		{023BF18B-43FC-47A4-9DE8-4A207A6BB398}.Release|x86.ActiveCfg = Release|Any CPU
		{023BF18B-43FC-47A4-9DE8-4A207A6BB398}.Release|x86.Build.0 = Release|Any CPU
		{5A73A608-572B-4E1F-9695-6E0E9F67DE0F}.Debug|Any CPU.ActiveCfg = Debug|Any CPU
		{5A73A608-572B-4E1F-9695-6E0E9F67DE0F}.Debug|Any CPU.Build.0 = Debug|Any CPU
		{5A73A608-572B-4E1F-9695-6E0E9F67DE0F}.Debug|x64.ActiveCfg = Debug|Any CPU
		{5A73A608-572B-4E1F-9695-6E0E9F67DE0F}.Debug|x64.Build.0 = Debug|Any CPU
		{5A73A608-572B-4E1F-9695-6E0E9F67DE0F}.Debug|x86.ActiveCfg = Debug|Any CPU
		{5A73A608-572B-4E1F-9695-6E0E9F67DE0F}.Debug|x86.Build.0 = Debug|Any CPU
		{5A73A608-572B-4E1F-9695-6E0E9F67DE0F}.Release|Any CPU.ActiveCfg = Release|Any CPU
		{5A73A608-572B-4E1F-9695-6E0E9F67DE0F}.Release|Any CPU.Build.0 = Release|Any CPU
		{5A73A608-572B-4E1F-9695-6E0E9F67DE0F}.Release|x64.ActiveCfg = Release|Any CPU
		{5A73A608-572B-4E1F-9695-6E0E9F67DE0F}.Release|x64.Build.0 = Release|Any CPU
		{5A73A608-572B-4E1F-9695-6E0E9F67DE0F}.Release|x86.ActiveCfg = Release|Any CPU
		{5A73A608-572B-4E1F-9695-6E0E9F67DE0F}.Release|x86.Build.0 = Release|Any CPU
		{10C91360-E31E-4C14-BB45-1793EF18088D}.Debug|Any CPU.ActiveCfg = Debug|Any CPU
		{10C91360-E31E-4C14-BB45-1793EF18088D}.Debug|Any CPU.Build.0 = Debug|Any CPU
		{10C91360-E31E-4C14-BB45-1793EF18088D}.Debug|x64.ActiveCfg = Debug|Any CPU
		{10C91360-E31E-4C14-BB45-1793EF18088D}.Debug|x64.Build.0 = Debug|Any CPU
		{10C91360-E31E-4C14-BB45-1793EF18088D}.Debug|x86.ActiveCfg = Debug|Any CPU
		{10C91360-E31E-4C14-BB45-1793EF18088D}.Debug|x86.Build.0 = Debug|Any CPU
		{10C91360-E31E-4C14-BB45-1793EF18088D}.Release|Any CPU.ActiveCfg = Release|Any CPU
		{10C91360-E31E-4C14-BB45-1793EF18088D}.Release|Any CPU.Build.0 = Release|Any CPU
		{10C91360-E31E-4C14-BB45-1793EF18088D}.Release|x64.ActiveCfg = Release|Any CPU
		{10C91360-E31E-4C14-BB45-1793EF18088D}.Release|x64.Build.0 = Release|Any CPU
		{10C91360-E31E-4C14-BB45-1793EF18088D}.Release|x86.ActiveCfg = Release|Any CPU
		{10C91360-E31E-4C14-BB45-1793EF18088D}.Release|x86.Build.0 = Release|Any CPU
		{B63D19BE-13FA-491E-A23E-6C807453DF55}.Debug|Any CPU.ActiveCfg = Debug|Any CPU
		{B63D19BE-13FA-491E-A23E-6C807453DF55}.Debug|Any CPU.Build.0 = Debug|Any CPU
		{B63D19BE-13FA-491E-A23E-6C807453DF55}.Debug|x64.ActiveCfg = Debug|Any CPU
		{B63D19BE-13FA-491E-A23E-6C807453DF55}.Debug|x64.Build.0 = Debug|Any CPU
		{B63D19BE-13FA-491E-A23E-6C807453DF55}.Debug|x86.ActiveCfg = Debug|Any CPU
		{B63D19BE-13FA-491E-A23E-6C807453DF55}.Debug|x86.Build.0 = Debug|Any CPU
		{B63D19BE-13FA-491E-A23E-6C807453DF55}.Release|Any CPU.ActiveCfg = Release|Any CPU
		{B63D19BE-13FA-491E-A23E-6C807453DF55}.Release|Any CPU.Build.0 = Release|Any CPU
		{B63D19BE-13FA-491E-A23E-6C807453DF55}.Release|x64.ActiveCfg = Release|Any CPU
		{B63D19BE-13FA-491E-A23E-6C807453DF55}.Release|x64.Build.0 = Release|Any CPU
		{B63D19BE-13FA-491E-A23E-6C807453DF55}.Release|x86.ActiveCfg = Release|Any CPU
		{B63D19BE-13FA-491E-A23E-6C807453DF55}.Release|x86.Build.0 = Release|Any CPU
		{649D2E6C-662B-4BDA-A1BC-5898D955E141}.Debug|Any CPU.ActiveCfg = Debug|Any CPU
		{649D2E6C-662B-4BDA-A1BC-5898D955E141}.Debug|Any CPU.Build.0 = Debug|Any CPU
		{649D2E6C-662B-4BDA-A1BC-5898D955E141}.Debug|x64.ActiveCfg = Debug|Any CPU
		{649D2E6C-662B-4BDA-A1BC-5898D955E141}.Debug|x64.Build.0 = Debug|Any CPU
		{649D2E6C-662B-4BDA-A1BC-5898D955E141}.Debug|x86.ActiveCfg = Debug|Any CPU
		{649D2E6C-662B-4BDA-A1BC-5898D955E141}.Debug|x86.Build.0 = Debug|Any CPU
		{649D2E6C-662B-4BDA-A1BC-5898D955E141}.Release|Any CPU.ActiveCfg = Release|Any CPU
		{649D2E6C-662B-4BDA-A1BC-5898D955E141}.Release|Any CPU.Build.0 = Release|Any CPU
		{649D2E6C-662B-4BDA-A1BC-5898D955E141}.Release|x64.ActiveCfg = Release|Any CPU
		{649D2E6C-662B-4BDA-A1BC-5898D955E141}.Release|x64.Build.0 = Release|Any CPU
		{649D2E6C-662B-4BDA-A1BC-5898D955E141}.Release|x86.ActiveCfg = Release|Any CPU
		{649D2E6C-662B-4BDA-A1BC-5898D955E141}.Release|x86.Build.0 = Release|Any CPU
		{CF2FE3B7-9D5F-466E-B39A-024057D921E5}.Debug|Any CPU.ActiveCfg = Debug|Any CPU
		{CF2FE3B7-9D5F-466E-B39A-024057D921E5}.Debug|Any CPU.Build.0 = Debug|Any CPU
		{CF2FE3B7-9D5F-466E-B39A-024057D921E5}.Debug|x64.ActiveCfg = Debug|Any CPU
		{CF2FE3B7-9D5F-466E-B39A-024057D921E5}.Debug|x64.Build.0 = Debug|Any CPU
		{CF2FE3B7-9D5F-466E-B39A-024057D921E5}.Debug|x86.ActiveCfg = Debug|Any CPU
		{CF2FE3B7-9D5F-466E-B39A-024057D921E5}.Debug|x86.Build.0 = Debug|Any CPU
		{CF2FE3B7-9D5F-466E-B39A-024057D921E5}.Release|Any CPU.ActiveCfg = Release|Any CPU
		{CF2FE3B7-9D5F-466E-B39A-024057D921E5}.Release|Any CPU.Build.0 = Release|Any CPU
		{CF2FE3B7-9D5F-466E-B39A-024057D921E5}.Release|x64.ActiveCfg = Release|Any CPU
		{CF2FE3B7-9D5F-466E-B39A-024057D921E5}.Release|x64.Build.0 = Release|Any CPU
		{CF2FE3B7-9D5F-466E-B39A-024057D921E5}.Release|x86.ActiveCfg = Release|Any CPU
		{CF2FE3B7-9D5F-466E-B39A-024057D921E5}.Release|x86.Build.0 = Release|Any CPU
		{F965F73E-FCD0-4751-8F10-EB52A20E9CCB}.Debug|Any CPU.ActiveCfg = Debug|Any CPU
		{F965F73E-FCD0-4751-8F10-EB52A20E9CCB}.Debug|Any CPU.Build.0 = Debug|Any CPU
		{F965F73E-FCD0-4751-8F10-EB52A20E9CCB}.Debug|x64.ActiveCfg = Debug|Any CPU
		{F965F73E-FCD0-4751-8F10-EB52A20E9CCB}.Debug|x64.Build.0 = Debug|Any CPU
		{F965F73E-FCD0-4751-8F10-EB52A20E9CCB}.Debug|x86.ActiveCfg = Debug|Any CPU
		{F965F73E-FCD0-4751-8F10-EB52A20E9CCB}.Debug|x86.Build.0 = Debug|Any CPU
		{F965F73E-FCD0-4751-8F10-EB52A20E9CCB}.Release|Any CPU.ActiveCfg = Release|Any CPU
		{F965F73E-FCD0-4751-8F10-EB52A20E9CCB}.Release|Any CPU.Build.0 = Release|Any CPU
		{F965F73E-FCD0-4751-8F10-EB52A20E9CCB}.Release|x64.ActiveCfg = Release|Any CPU
		{F965F73E-FCD0-4751-8F10-EB52A20E9CCB}.Release|x64.Build.0 = Release|Any CPU
		{F965F73E-FCD0-4751-8F10-EB52A20E9CCB}.Release|x86.ActiveCfg = Release|Any CPU
		{F965F73E-FCD0-4751-8F10-EB52A20E9CCB}.Release|x86.Build.0 = Release|Any CPU
		{B35E1D92-86CA-4465-9A22-8CABB412D834}.Debug|Any CPU.ActiveCfg = Debug|Any CPU
		{B35E1D92-86CA-4465-9A22-8CABB412D834}.Debug|Any CPU.Build.0 = Debug|Any CPU
		{B35E1D92-86CA-4465-9A22-8CABB412D834}.Debug|x64.ActiveCfg = Debug|Any CPU
		{B35E1D92-86CA-4465-9A22-8CABB412D834}.Debug|x64.Build.0 = Debug|Any CPU
		{B35E1D92-86CA-4465-9A22-8CABB412D834}.Debug|x86.ActiveCfg = Debug|Any CPU
		{B35E1D92-86CA-4465-9A22-8CABB412D834}.Debug|x86.Build.0 = Debug|Any CPU
		{B35E1D92-86CA-4465-9A22-8CABB412D834}.Release|Any CPU.ActiveCfg = Release|Any CPU
		{B35E1D92-86CA-4465-9A22-8CABB412D834}.Release|Any CPU.Build.0 = Release|Any CPU
		{B35E1D92-86CA-4465-9A22-8CABB412D834}.Release|x64.ActiveCfg = Release|Any CPU
		{B35E1D92-86CA-4465-9A22-8CABB412D834}.Release|x64.Build.0 = Release|Any CPU
		{B35E1D92-86CA-4465-9A22-8CABB412D834}.Release|x86.ActiveCfg = Release|Any CPU
		{B35E1D92-86CA-4465-9A22-8CABB412D834}.Release|x86.Build.0 = Release|Any CPU
		{9F3DE19F-C85B-48F6-BBF0-0122E77A43E7}.Debug|Any CPU.ActiveCfg = Debug|Any CPU
		{9F3DE19F-C85B-48F6-BBF0-0122E77A43E7}.Debug|Any CPU.Build.0 = Debug|Any CPU
		{9F3DE19F-C85B-48F6-BBF0-0122E77A43E7}.Debug|x64.ActiveCfg = Debug|Any CPU
		{9F3DE19F-C85B-48F6-BBF0-0122E77A43E7}.Debug|x64.Build.0 = Debug|Any CPU
		{9F3DE19F-C85B-48F6-BBF0-0122E77A43E7}.Debug|x86.ActiveCfg = Debug|Any CPU
		{9F3DE19F-C85B-48F6-BBF0-0122E77A43E7}.Debug|x86.Build.0 = Debug|Any CPU
		{9F3DE19F-C85B-48F6-BBF0-0122E77A43E7}.Release|Any CPU.ActiveCfg = Release|Any CPU
		{9F3DE19F-C85B-48F6-BBF0-0122E77A43E7}.Release|Any CPU.Build.0 = Release|Any CPU
		{9F3DE19F-C85B-48F6-BBF0-0122E77A43E7}.Release|x64.ActiveCfg = Release|Any CPU
		{9F3DE19F-C85B-48F6-BBF0-0122E77A43E7}.Release|x64.Build.0 = Release|Any CPU
		{9F3DE19F-C85B-48F6-BBF0-0122E77A43E7}.Release|x86.ActiveCfg = Release|Any CPU
		{9F3DE19F-C85B-48F6-BBF0-0122E77A43E7}.Release|x86.Build.0 = Release|Any CPU
		{C1A29F2A-7E34-4A4A-914D-9C48311CBD71}.Debug|Any CPU.ActiveCfg = Debug|Any CPU
		{C1A29F2A-7E34-4A4A-914D-9C48311CBD71}.Debug|Any CPU.Build.0 = Debug|Any CPU
		{C1A29F2A-7E34-4A4A-914D-9C48311CBD71}.Debug|x64.ActiveCfg = Debug|Any CPU
		{C1A29F2A-7E34-4A4A-914D-9C48311CBD71}.Debug|x64.Build.0 = Debug|Any CPU
		{C1A29F2A-7E34-4A4A-914D-9C48311CBD71}.Debug|x86.ActiveCfg = Debug|Any CPU
		{C1A29F2A-7E34-4A4A-914D-9C48311CBD71}.Debug|x86.Build.0 = Debug|Any CPU
		{C1A29F2A-7E34-4A4A-914D-9C48311CBD71}.Release|Any CPU.ActiveCfg = Release|Any CPU
		{C1A29F2A-7E34-4A4A-914D-9C48311CBD71}.Release|Any CPU.Build.0 = Release|Any CPU
		{C1A29F2A-7E34-4A4A-914D-9C48311CBD71}.Release|x64.ActiveCfg = Release|Any CPU
		{C1A29F2A-7E34-4A4A-914D-9C48311CBD71}.Release|x64.Build.0 = Release|Any CPU
		{C1A29F2A-7E34-4A4A-914D-9C48311CBD71}.Release|x86.ActiveCfg = Release|Any CPU
		{C1A29F2A-7E34-4A4A-914D-9C48311CBD71}.Release|x86.Build.0 = Release|Any CPU
		{9C2E59E9-0530-42AE-B2A5-39BFAAA5C676}.Debug|Any CPU.ActiveCfg = Debug|Any CPU
		{9C2E59E9-0530-42AE-B2A5-39BFAAA5C676}.Debug|Any CPU.Build.0 = Debug|Any CPU
		{9C2E59E9-0530-42AE-B2A5-39BFAAA5C676}.Debug|x64.ActiveCfg = Debug|Any CPU
		{9C2E59E9-0530-42AE-B2A5-39BFAAA5C676}.Debug|x64.Build.0 = Debug|Any CPU
		{9C2E59E9-0530-42AE-B2A5-39BFAAA5C676}.Debug|x86.ActiveCfg = Debug|Any CPU
		{9C2E59E9-0530-42AE-B2A5-39BFAAA5C676}.Debug|x86.Build.0 = Debug|Any CPU
		{9C2E59E9-0530-42AE-B2A5-39BFAAA5C676}.Release|Any CPU.ActiveCfg = Release|Any CPU
		{9C2E59E9-0530-42AE-B2A5-39BFAAA5C676}.Release|Any CPU.Build.0 = Release|Any CPU
		{9C2E59E9-0530-42AE-B2A5-39BFAAA5C676}.Release|x64.ActiveCfg = Release|Any CPU
		{9C2E59E9-0530-42AE-B2A5-39BFAAA5C676}.Release|x64.Build.0 = Release|Any CPU
		{9C2E59E9-0530-42AE-B2A5-39BFAAA5C676}.Release|x86.ActiveCfg = Release|Any CPU
		{9C2E59E9-0530-42AE-B2A5-39BFAAA5C676}.Release|x86.Build.0 = Release|Any CPU
		{0903AE3D-9EF6-4121-B234-06B3B37950F4}.Debug|Any CPU.ActiveCfg = Debug|Any CPU
		{0903AE3D-9EF6-4121-B234-06B3B37950F4}.Debug|Any CPU.Build.0 = Debug|Any CPU
		{0903AE3D-9EF6-4121-B234-06B3B37950F4}.Debug|x64.ActiveCfg = Debug|Any CPU
		{0903AE3D-9EF6-4121-B234-06B3B37950F4}.Debug|x64.Build.0 = Debug|Any CPU
		{0903AE3D-9EF6-4121-B234-06B3B37950F4}.Debug|x86.ActiveCfg = Debug|Any CPU
		{0903AE3D-9EF6-4121-B234-06B3B37950F4}.Debug|x86.Build.0 = Debug|Any CPU
		{0903AE3D-9EF6-4121-B234-06B3B37950F4}.Release|Any CPU.ActiveCfg = Release|Any CPU
		{0903AE3D-9EF6-4121-B234-06B3B37950F4}.Release|Any CPU.Build.0 = Release|Any CPU
		{0903AE3D-9EF6-4121-B234-06B3B37950F4}.Release|x64.ActiveCfg = Release|Any CPU
		{0903AE3D-9EF6-4121-B234-06B3B37950F4}.Release|x64.Build.0 = Release|Any CPU
		{0903AE3D-9EF6-4121-B234-06B3B37950F4}.Release|x86.ActiveCfg = Release|Any CPU
		{0903AE3D-9EF6-4121-B234-06B3B37950F4}.Release|x86.Build.0 = Release|Any CPU
		{5FC79A4F-BFF1-4AB7-B9B8-8B64480004EA}.Debug|Any CPU.ActiveCfg = Debug|Any CPU
		{5FC79A4F-BFF1-4AB7-B9B8-8B64480004EA}.Debug|Any CPU.Build.0 = Debug|Any CPU
		{5FC79A4F-BFF1-4AB7-B9B8-8B64480004EA}.Debug|x64.ActiveCfg = Debug|Any CPU
		{5FC79A4F-BFF1-4AB7-B9B8-8B64480004EA}.Debug|x64.Build.0 = Debug|Any CPU
		{5FC79A4F-BFF1-4AB7-B9B8-8B64480004EA}.Debug|x86.ActiveCfg = Debug|Any CPU
		{5FC79A4F-BFF1-4AB7-B9B8-8B64480004EA}.Debug|x86.Build.0 = Debug|Any CPU
		{5FC79A4F-BFF1-4AB7-B9B8-8B64480004EA}.Release|Any CPU.ActiveCfg = Release|Any CPU
		{5FC79A4F-BFF1-4AB7-B9B8-8B64480004EA}.Release|Any CPU.Build.0 = Release|Any CPU
		{5FC79A4F-BFF1-4AB7-B9B8-8B64480004EA}.Release|x64.ActiveCfg = Release|Any CPU
		{5FC79A4F-BFF1-4AB7-B9B8-8B64480004EA}.Release|x64.Build.0 = Release|Any CPU
		{5FC79A4F-BFF1-4AB7-B9B8-8B64480004EA}.Release|x86.ActiveCfg = Release|Any CPU
		{5FC79A4F-BFF1-4AB7-B9B8-8B64480004EA}.Release|x86.Build.0 = Release|Any CPU
	EndGlobalSection
	GlobalSection(SolutionProperties) = preSolution
		HideSolutionNode = FALSE
	EndGlobalSection
	GlobalSection(NestedProjects) = preSolution
		{1EE79402-0A12-4C5A-9319-4E0AE57F7243} = {827E0CD3-B72D-47B6-A68D-7590B98EB39B}
		{E9EAF0D8-E79E-416F-98B8-A957D081FE46} = {827E0CD3-B72D-47B6-A68D-7590B98EB39B}
		{26F7D23A-67DA-4D24-A3B6-CD08221BE803} = {0AB3BF05-4346-4AA6-1389-037BE0695223}
		{023BF18B-43FC-47A4-9DE8-4A207A6BB398} = {827E0CD3-B72D-47B6-A68D-7590B98EB39B}
		{5A73A608-572B-4E1F-9695-6E0E9F67DE0F} = {0AB3BF05-4346-4AA6-1389-037BE0695223}
		{10C91360-E31E-4C14-BB45-1793EF18088D} = {0AB3BF05-4346-4AA6-1389-037BE0695223}
		{B63D19BE-13FA-491E-A23E-6C807453DF55} = {827E0CD3-B72D-47B6-A68D-7590B98EB39B}
		{649D2E6C-662B-4BDA-A1BC-5898D955E141} = {0AB3BF05-4346-4AA6-1389-037BE0695223}
		{CF2FE3B7-9D5F-466E-B39A-024057D921E5} = {827E0CD3-B72D-47B6-A68D-7590B98EB39B}
		{F965F73E-FCD0-4751-8F10-EB52A20E9CCB} = {0AB3BF05-4346-4AA6-1389-037BE0695223}
		{B35E1D92-86CA-4465-9A22-8CABB412D834} = {827E0CD3-B72D-47B6-A68D-7590B98EB39B}
		{9F3DE19F-C85B-48F6-BBF0-0122E77A43E7} = {0AB3BF05-4346-4AA6-1389-037BE0695223}
		{C1A29F2A-7E34-4A4A-914D-9C48311CBD71} = {0AB3BF05-4346-4AA6-1389-037BE0695223}
		{9C2E59E9-0530-42AE-B2A5-39BFAAA5C676} = {0AB3BF05-4346-4AA6-1389-037BE0695223}
		{0903AE3D-9EF6-4121-B234-06B3B37950F4} = {827E0CD3-B72D-47B6-A68D-7590B98EB39B}
		{5FC79A4F-BFF1-4AB7-B9B8-8B64480004EA} = {0AB3BF05-4346-4AA6-1389-037BE0695223}
	EndGlobalSection
EndGlobal
